
Microsoft Visual Studio Solution File, Format Version 12.00
# Visual Studio Version 16
VisualStudioVersion = 16.0.30128.74
MinimumVisualStudioVersion = 10.0.40219.1
Project("{FAE04EC0-301F-11D3-BF4B-00C04F79EFBC}") = "MovieWeb", "MovieWeb\MovieWeb.csproj", "{C3E9896A-9A6A-4658-8227-E50B9F124A19}"
EndProject
Global
	GlobalSection(SolutionConfigurationPlatforms) = preSolution
		Debug|Any CPU = Debug|Any CPU
		Release|Any CPU = Release|Any CPU
	EndGlobalSection
	GlobalSection(ProjectConfigurationPlatforms) = postSolution
		{C3E9896A-9A6A-4658-8227-E50B9F124A19}.Debug|Any CPU.ActiveCfg = Debug|Any CPU
		{C3E9896A-9A6A-4658-8227-E50B9F124A19}.Debug|Any CPU.Build.0 = Debug|Any CPU
		{C3E9896A-9A6A-4658-8227-E50B9F124A19}.Release|Any CPU.ActiveCfg = Release|Any CPU
		{C3E9896A-9A6A-4658-8227-E50B9F124A19}.Release|Any CPU.Build.0 = Release|Any CPU
	EndGlobalSection
	GlobalSection(SolutionProperties) = preSolution
		HideSolutionNode = FALSE
	EndGlobalSection
	GlobalSection(ExtensibilityGlobals) = postSolution
		SolutionGuid = {61A96B58-6EC5-4CEE-9714-AEFC852476CB}
	EndGlobalSection
EndGlobal
